
Microsoft Visual Studio Solution File, Format Version 12.00
# Visual Studio 15
VisualStudioVersion = 15.0.27703.2035
MinimumVisualStudioVersion = 10.0.40219.1
Project("{FAE04EC0-301F-11D3-BF4B-00C04F79EFBC}") = "FSRAudioSwitcher", "FSRAudioSwitcher\FSRAudioSwitcher.csproj", "{3BE46577-4698-41F0-ACF5-D8A45BF0D4B1}"
EndProject
Global
	GlobalSection(SolutionConfigurationPlatforms) = preSolution
		Debug|Any CPU = Debug|Any CPU
		Debug|x64 = Debug|x64
		Release|Any CPU = Release|Any CPU
		Release|x64 = Release|x64
	EndGlobalSection
	GlobalSection(ProjectConfigurationPlatforms) = postSolution
		{3BE46577-4698-41F0-ACF5-D8A45BF0D4B1}.Debug|Any CPU.ActiveCfg = Debug|Any CPU
		{3BE46577-4698-41F0-ACF5-D8A45BF0D4B1}.Debug|Any CPU.Build.0 = Debug|Any CPU
		{3BE46577-4698-41F0-ACF5-D8A45BF0D4B1}.Debug|x64.ActiveCfg = Debug|x64
		{3BE46577-4698-41F0-ACF5-D8A45BF0D4B1}.Debug|x64.Build.0 = Debug|x64
		{3BE46577-4698-41F0-ACF5-D8A45BF0D4B1}.Release|Any CPU.ActiveCfg = Release|Any CPU
		{3BE46577-4698-41F0-ACF5-D8A45BF0D4B1}.Release|Any CPU.Build.0 = Release|Any CPU
		{3BE46577-4698-41F0-ACF5-D8A45BF0D4B1}.Release|x64.ActiveCfg = Release|x64
		{3BE46577-4698-41F0-ACF5-D8A45BF0D4B1}.Release|x64.Build.0 = Release|x64
	EndGlobalSection
	GlobalSection(SolutionProperties) = preSolution
		HideSolutionNode = FALSE
	EndGlobalSection
	GlobalSection(ExtensibilityGlobals) = postSolution
		SolutionGuid = {ACDC6E48-C5FB-48B3-8602-D51C66224CA8}
	EndGlobalSection
EndGlobal
